
Microsoft Visual Studio Solution File, Format Version 12.00
# Visual Studio Version 16
VisualStudioVersion = 16.0.29519.87
MinimumVisualStudioVersion = 10.0.40219.1
Project("{FAE04EC0-301F-11D3-BF4B-00C04F79EFBC}") = "MagicTheGathering", "MagicTheGathering\MagicTheGathering.csproj", "{0DC5E971-0686-465A-8E07-E6738085D9E5}"
EndProject
Project("{2150E333-8FDC-42A3-9474-1A3956D46DE8}") = "src", "src", "{E485213C-4CBB-4031-9B60-634C4FF33B82}"
EndProject
Project("{9A19103F-16F7-4668-BE54-9A1E7A4F7556}") = "MTGGame", "ConsoleApp1\MTGGame.csproj", "{D5CCF033-167B-4785-9007-B511745E1C33}"
EndProject
Project("{2150E333-8FDC-42A3-9474-1A3956D46DE8}") = "Solution Items", "Solution Items", "{8E8EC3A8-42DC-46C9-89B0-5637BAAD8D2A}"
	ProjectSection(SolutionItems) = preProject
		MonoRedDeck.json = MonoRedDeck.json
	EndProjectSection
EndProject
Project("{9A19103F-16F7-4668-BE54-9A1E7A4F7556}") = "MagicVisioTests", "MagicTests\MagicVisioTests.csproj", "{F796F22B-D994-4171-8335-1FB6FFCBDE0A}"
EndProject
Global
	GlobalSection(SolutionConfigurationPlatforms) = preSolution
		Debug|Any CPU = Debug|Any CPU
		Release|Any CPU = Release|Any CPU
	EndGlobalSection
	GlobalSection(ProjectConfigurationPlatforms) = postSolution
		{0DC5E971-0686-465A-8E07-E6738085D9E5}.Debug|Any CPU.ActiveCfg = Debug|Any CPU
		{0DC5E971-0686-465A-8E07-E6738085D9E5}.Debug|Any CPU.Build.0 = Debug|Any CPU
		{0DC5E971-0686-465A-8E07-E6738085D9E5}.Release|Any CPU.ActiveCfg = Release|Any CPU
		{0DC5E971-0686-465A-8E07-E6738085D9E5}.Release|Any CPU.Build.0 = Release|Any CPU
		{D5CCF033-167B-4785-9007-B511745E1C33}.Debug|Any CPU.ActiveCfg = Debug|Any CPU
		{D5CCF033-167B-4785-9007-B511745E1C33}.Debug|Any CPU.Build.0 = Debug|Any CPU
		{D5CCF033-167B-4785-9007-B511745E1C33}.Release|Any CPU.ActiveCfg = Release|Any CPU
		{D5CCF033-167B-4785-9007-B511745E1C33}.Release|Any CPU.Build.0 = Release|Any CPU
		{F796F22B-D994-4171-8335-1FB6FFCBDE0A}.Debug|Any CPU.ActiveCfg = Debug|Any CPU
		{F796F22B-D994-4171-8335-1FB6FFCBDE0A}.Debug|Any CPU.Build.0 = Debug|Any CPU
		{F796F22B-D994-4171-8335-1FB6FFCBDE0A}.Release|Any CPU.ActiveCfg = Release|Any CPU
		{F796F22B-D994-4171-8335-1FB6FFCBDE0A}.Release|Any CPU.Build.0 = Release|Any CPU
	EndGlobalSection
	GlobalSection(SolutionProperties) = preSolution
		HideSolutionNode = FALSE
	EndGlobalSection
	GlobalSection(NestedProjects) = preSolution
		{0DC5E971-0686-465A-8E07-E6738085D9E5} = {E485213C-4CBB-4031-9B60-634C4FF33B82}
	EndGlobalSection
	GlobalSection(ExtensibilityGlobals) = postSolution
		SolutionGuid = {979C4A0E-0EA3-419C-9D6C-398F566E693B}
	EndGlobalSection
EndGlobal
